{
    "version": 3,
    "terraform_version": "0.8.4",
    "serial": 10,
    "lineage": "6458bba7-c73e-46a2-be94-d7a111b2b633",
    "modules": [
        {
            "path": [
                "root"
            ],
            "outputs": {
                "bastion-id": {
                    "sensitive": false,
                    "type": "string",
                    "value": "i-0527fbb26aae402ce"
                },
                "bastion-private-ip": {
                    "sensitive": false,
                    "type": "string",
                    "value": "10.2.0.111"
                },
                "bastion-public-dns": {
                    "sensitive": false,
                    "type": "string",
                    "value": "ec2-54-175-96-133.compute-1.amazonaws.com"
                },
                "bastion-public-ip": {
                    "sensitive": false,
                    "type": "string",
                    "value": "54.175.96.133"
                },
                "public-subnets": {
                    "sensitive": false,
                    "type": "string",
                    "value": "subnet-7539213c"
                },
                "soa-ssh-sg": {
                    "sensitive": false,
                    "type": "string",
                    "value": "sg-65293319"
                },
                "soa-web-server-sg": {
                    "sensitive": false,
                    "type": "string",
                    "value": "sg-64293318"
                },
                "vpc-id": {
                    "sensitive": false,
                    "type": "string",
                    "value": "vpc-ada4e1cb"
                }
            },
            "resources": {
                "aws_instance.soa-bastion": {
                    "type": "aws_instance",
                    "depends_on": [
                        "aws_security_group.soa-ssh",
                        "aws_security_group.soa-web-server",
                        "aws_subnet.soa-public-a"
                    ],
                    "primary": {
                        "id": "i-0527fbb26aae402ce",
                        "attributes": {
                            "ami": "ami-49c9295f",
                            "associate_public_ip_address": "true",
                            "availability_zone": "us-east-1a",
                            "disable_api_termination": "false",
                            "ebs_block_device.#": "0",
                            "ebs_optimized": "false",
                            "ephemeral_block_device.#": "0",
                            "iam_instance_profile": "",
                            "id": "i-0527fbb26aae402ce",
                            "instance_state": "running",
                            "instance_type": "t2.medium",
                            "key_name": "mfadmin-aws-auth",
                            "monitoring": "false",
                            "network_interface_id": "eni-01f03ae2",
                            "private_dns": "ip-10-2-0-111.ec2.internal",
                            "private_ip": "10.2.0.111",
                            "public_dns": "ec2-54-175-96-133.compute-1.amazonaws.com",
                            "public_ip": "54.175.96.133",
                            "root_block_device.#": "1",
                            "root_block_device.0.delete_on_termination": "true",
                            "root_block_device.0.iops": "100",
                            "root_block_device.0.volume_size": "8",
                            "root_block_device.0.volume_type": "gp2",
                            "security_groups.#": "0",
                            "source_dest_check": "true",
                            "subnet_id": "subnet-7539213c",
                            "tags.%": "1",
                            "tags.Name": "soa-bastion",
                            "tenancy": "default",
                            "vpc_security_group_ids.#": "2",
                            "vpc_security_group_ids.1297338497": "sg-65293319",
                            "vpc_security_group_ids.2619599779": "sg-64293318"
                        },
                        "meta": {
                            "schema_version": "1"
                        },
                        "tainted": false
                    },
                    "deposed": [],
                    "provider": ""
                },
                "aws_internet_gateway.soa-ig": {
                    "type": "aws_internet_gateway",
                    "depends_on": [
                        "aws_vpc.soa-vpc"
                    ],
                    "primary": {
                        "id": "igw-beaa93d9",
                        "attributes": {
                            "id": "igw-beaa93d9",
                            "tags.%": "1",
                            "tags.Name": "soa ig",
                            "vpc_id": "vpc-ada4e1cb"
                        },
                        "meta": {},
                        "tainted": false
                    },
                    "deposed": [],
                    "provider": ""
                },
                "aws_route_table.soa-public-traffic": {
                    "type": "aws_route_table",
                    "depends_on": [
                        "aws_internet_gateway.soa-ig",
                        "aws_vpc.soa-vpc"
                    ],
                    "primary": {
                        "id": "rtb-69129d10",
                        "attributes": {
                            "id": "rtb-69129d10",
                            "propagating_vgws.#": "0",
                            "route.#": "1",
                            "route.2750948814.cidr_block": "0.0.0.0/0",
                            "route.2750948814.gateway_id": "igw-beaa93d9",
                            "route.2750948814.instance_id": "",
                            "route.2750948814.nat_gateway_id": "",
                            "route.2750948814.network_interface_id": "",
                            "route.2750948814.vpc_peering_connection_id": "",
                            "tags.%": "1",
                            "tags.Name": "soa-public-traffic",
                            "vpc_id": "vpc-ada4e1cb"
                        },
                        "meta": {},
                        "tainted": false
                    },
                    "deposed": [],
                    "provider": ""
                },
                "aws_route_table_association.soa-rta-public-a": {
                    "type": "aws_route_table_association",
                    "depends_on": [
                        "aws_route_table.soa-public-traffic",
                        "aws_subnet.soa-public-a"
                    ],
                    "primary": {
                        "id": "rtbassoc-a01348d8",
                        "attributes": {
                            "id": "rtbassoc-a01348d8",
                            "route_table_id": "rtb-69129d10",
                            "subnet_id": "subnet-7539213c"
                        },
                        "meta": {},
                        "tainted": false
                    },
                    "deposed": [],
                    "provider": ""
                },
                "aws_security_group.soa-ssh": {
                    "type": "aws_security_group",
                    "depends_on": [
                        "aws_vpc.soa-vpc"
                    ],
                    "primary": {
                        "id": "sg-65293319",
                        "attributes": {
                            "description": "SSH access",
                            "egress.#": "1",
                            "egress.482069346.cidr_blocks.#": "1",
                            "egress.482069346.cidr_blocks.0": "0.0.0.0/0",
                            "egress.482069346.from_port": "0",
                            "egress.482069346.prefix_list_ids.#": "0",
                            "egress.482069346.protocol": "-1",
                            "egress.482069346.security_groups.#": "0",
                            "egress.482069346.self": "false",
                            "egress.482069346.to_port": "0",
                            "id": "sg-65293319",
                            "ingress.#": "1",
                            "ingress.2541437006.cidr_blocks.#": "1",
                            "ingress.2541437006.cidr_blocks.0": "0.0.0.0/0",
                            "ingress.2541437006.from_port": "22",
                            "ingress.2541437006.protocol": "tcp",
                            "ingress.2541437006.security_groups.#": "0",
                            "ingress.2541437006.self": "false",
                            "ingress.2541437006.to_port": "22",
                            "name": "soa-ssh",
                            "owner_id": "171721970965",
                            "tags.%": "1",
                            "tags.Name": "soa-ssh",
                            "vpc_id": "vpc-ada4e1cb"
                        },
                        "meta": {},
                        "tainted": false
                    },
                    "deposed": [],
                    "provider": ""
                },
                "aws_security_group.soa-web-server": {
                    "type": "aws_security_group",
                    "depends_on": [
                        "aws_vpc.soa-vpc"
                    ],
                    "primary": {
                        "id": "sg-64293318",
                        "attributes": {
                            "description": "Web application security",
                            "egress.#": "2",
                            "egress.1113957979.cidr_blocks.#": "1",
                            "egress.1113957979.cidr_blocks.0": "0.0.0.0/0",
                            "egress.1113957979.from_port": "8080",
                            "egress.1113957979.prefix_list_ids.#": "0",
                            "egress.1113957979.protocol": "tcp",
                            "egress.1113957979.security_groups.#": "0",
                            "egress.1113957979.self": "false",
                            "egress.1113957979.to_port": "8084",
                            "egress.2214680975.cidr_blocks.#": "1",
                            "egress.2214680975.cidr_blocks.0": "0.0.0.0/0",
                            "egress.2214680975.from_port": "80",
                            "egress.2214680975.prefix_list_ids.#": "0",
                            "egress.2214680975.protocol": "tcp",
                            "egress.2214680975.security_groups.#": "0",
                            "egress.2214680975.self": "false",
                            "egress.2214680975.to_port": "80",
                            "id": "sg-64293318",
                            "ingress.#": "2",
                            "ingress.1113957979.cidr_blocks.#": "1",
                            "ingress.1113957979.cidr_blocks.0": "0.0.0.0/0",
                            "ingress.1113957979.from_port": "8080",
                            "ingress.1113957979.protocol": "tcp",
                            "ingress.1113957979.security_groups.#": "0",
                            "ingress.1113957979.self": "false",
                            "ingress.1113957979.to_port": "8084",
                            "ingress.2214680975.cidr_blocks.#": "1",
                            "ingress.2214680975.cidr_blocks.0": "0.0.0.0/0",
                            "ingress.2214680975.from_port": "80",
                            "ingress.2214680975.protocol": "tcp",
                            "ingress.2214680975.security_groups.#": "0",
                            "ingress.2214680975.self": "false",
                            "ingress.2214680975.to_port": "80",
                            "name": "soa-web-server",
                            "owner_id": "171721970965",
                            "tags.%": "1",
                            "tags.Name": "soa-web-server",
                            "vpc_id": "vpc-ada4e1cb"
                        },
                        "meta": {},
                        "tainted": false
                    },
                    "deposed": [],
                    "provider": ""
                },
                "aws_security_group_rule.soa-ssh-in": {
                    "type": "aws_security_group_rule",
                    "depends_on": [
                        "aws_security_group.soa-ssh"
                    ],
                    "primary": {
                        "id": "sgrule-4125054451",
                        "attributes": {
                            "cidr_blocks.#": "1",
                            "cidr_blocks.0": "0.0.0.0/0",
                            "from_port": "22",
                            "id": "sgrule-4125054451",
                            "prefix_list_ids.#": "0",
                            "protocol": "tcp",
                            "security_group_id": "sg-65293319",
                            "self": "false",
                            "to_port": "22",
                            "type": "ingress"
                        },
                        "meta": {
                            "schema_version": "2"
                        },
                        "tainted": false
                    },
                    "deposed": [],
                    "provider": ""
                },
                "aws_security_group_rule.soa-ssh-out": {
                    "type": "aws_security_group_rule",
                    "depends_on": [
                        "aws_security_group.soa-ssh"
                    ],
                    "primary": {
                        "id": "sgrule-3740742409",
                        "attributes": {
                            "cidr_blocks.#": "1",
                            "cidr_blocks.0": "0.0.0.0/0",
                            "from_port": "0",
                            "id": "sgrule-3740742409",
                            "prefix_list_ids.#": "0",
                            "protocol": "-1",
                            "security_group_id": "sg-65293319",
                            "self": "false",
                            "to_port": "0",
                            "type": "egress"
                        },
                        "meta": {
                            "schema_version": "2"
                        },
                        "tainted": false
                    },
                    "deposed": [],
                    "provider": ""
                },
                "aws_security_group_rule.soa-web-server-http-in": {
                    "type": "aws_security_group_rule",
                    "depends_on": [
                        "aws_security_group.soa-web-server"
                    ],
                    "primary": {
                        "id": "sgrule-2944982744",
                        "attributes": {
                            "cidr_blocks.#": "1",
                            "cidr_blocks.0": "0.0.0.0/0",
                            "from_port": "8080",
                            "id": "sgrule-2944982744",
                            "prefix_list_ids.#": "0",
                            "protocol": "tcp",
                            "security_group_id": "sg-64293318",
                            "self": "false",
                            "to_port": "8084",
                            "type": "ingress"
                        },
                        "meta": {
                            "schema_version": "2"
                        },
                        "tainted": false
                    },
                    "deposed": [],
                    "provider": ""
                },
                "aws_security_group_rule.soa-web-server-http-out": {
                    "type": "aws_security_group_rule",
                    "depends_on": [
                        "aws_security_group.soa-web-server"
                    ],
                    "primary": {
                        "id": "sgrule-2282881535",
                        "attributes": {
                            "cidr_blocks.#": "1",
                            "cidr_blocks.0": "0.0.0.0/0",
                            "from_port": "8080",
                            "id": "sgrule-2282881535",
                            "prefix_list_ids.#": "0",
                            "protocol": "tcp",
                            "security_group_id": "sg-64293318",
                            "self": "false",
                            "to_port": "8084",
                            "type": "egress"
                        },
                        "meta": {
                            "schema_version": "2"
                        },
                        "tainted": false
                    },
                    "deposed": [],
                    "provider": ""
                },
                "aws_security_group_rule.web-server-http-in": {
                    "type": "aws_security_group_rule",
                    "depends_on": [
                        "aws_security_group.soa-web-server"
                    ],
                    "primary": {
                        "id": "sgrule-3930406875",
                        "attributes": {
                            "cidr_blocks.#": "1",
                            "cidr_blocks.0": "0.0.0.0/0",
                            "from_port": "80",
                            "id": "sgrule-3930406875",
                            "prefix_list_ids.#": "0",
                            "protocol": "tcp",
                            "security_group_id": "sg-64293318",
                            "self": "false",
                            "to_port": "80",
                            "type": "ingress"
                        },
                        "meta": {
                            "schema_version": "2"
                        },
                        "tainted": false
                    },
                    "deposed": [],
                    "provider": ""
                },
                "aws_security_group_rule.web-server-http-out": {
                    "type": "aws_security_group_rule",
                    "depends_on": [
                        "aws_security_group.soa-web-server"
                    ],
                    "primary": {
                        "id": "sgrule-2595190738",
                        "attributes": {
                            "cidr_blocks.#": "1",
                            "cidr_blocks.0": "0.0.0.0/0",
                            "from_port": "80",
                            "id": "sgrule-2595190738",
                            "prefix_list_ids.#": "0",
                            "protocol": "tcp",
                            "security_group_id": "sg-64293318",
                            "self": "false",
                            "to_port": "80",
                            "type": "egress"
                        },
                        "meta": {
                            "schema_version": "2"
                        },
                        "tainted": false
                    },
                    "deposed": [],
                    "provider": ""
                },
                "aws_subnet.soa-public-a": {
                    "type": "aws_subnet",
                    "depends_on": [
                        "aws_vpc.soa-vpc"
                    ],
                    "primary": {
                        "id": "subnet-7539213c",
                        "attributes": {
                            "availability_zone": "us-east-1a",
                            "cidr_block": "10.2.0.0/24",
                            "id": "subnet-7539213c",
                            "map_public_ip_on_launch": "true",
                            "tags.%": "1",
                            "tags.Name": "soa-public-a",
                            "vpc_id": "vpc-ada4e1cb"
                        },
                        "meta": {},
                        "tainted": false
                    },
                    "deposed": [],
                    "provider": ""
                },
                "aws_vpc.soa-vpc": {
                    "type": "aws_vpc",
                    "depends_on": [],
                    "primary": {
                        "id": "vpc-ada4e1cb",
                        "attributes": {
                            "cidr_block": "10.2.0.0/16",
                            "default_network_acl_id": "acl-a81a0ece",
                            "default_route_table_id": "rtb-79129d00",
                            "default_security_group_id": "sg-7029330c",
                            "dhcp_options_id": "dopt-d7a1bdb5",
                            "enable_classiclink": "false",
                            "enable_dns_hostnames": "true",
                            "enable_dns_support": "true",
                            "id": "vpc-ada4e1cb",
                            "instance_tenancy": "default",
                            "main_route_table_id": "rtb-79129d00",
                            "tags.%": "1",
                            "tags.Name": "soa vpc"
                        },
                        "meta": {},
                        "tainted": false
                    },
                    "deposed": [],
                    "provider": ""
                }
            },
            "depends_on": []
        }
    ]
}
